
Microsoft Visual Studio Solution File, Format Version 12.00
# Visual Studio 15
VisualStudioVersion = 15.0.27703.2047
MinimumVisualStudioVersion = 10.0.40219.1
Project("{2150E333-8FDC-42A3-9474-1A3956D46DE8}") = "1. Alien invasion", "1. Alien invasion", "{CE03EEDF-BD33-4115-9B80-12EFBC2AA141}"
EndProject
Project("{2150E333-8FDC-42A3-9474-1A3956D46DE8}") = "2. Mocking framework", "2. Mocking framework", "{DC6174ED-C10A-4105-AFB3-EEDA8728C86A}"
EndProject
Project("{9A19103F-16F7-4668-BE54-9A1E7A4F7556}") = "AlienInvasion.Core", "AlienInvasion.Core\AlienInvasion.Core.csproj", "{5555812D-06BC-4CF3-B181-7F08832679D7}"
EndProject
Project("{9A19103F-16F7-4668-BE54-9A1E7A4F7556}") = "AlienInvasion.UnitTests", "AlienInvasion.UnitTests\AlienInvasion.UnitTests.csproj", "{707ADA9E-167B-42C7-B7E7-20FD2C4B0036}"
EndProject
Project("{FAE04EC0-301F-11D3-BF4B-00C04F79EFBC}") = "Mocking.Infrastructure", "Mocking.Core\Mocking.Infrastructure.csproj", "{6292B118-2BDC-427B-BE22-A81B51A7B527}"
EndProject
Project("{FAE04EC0-301F-11D3-BF4B-00C04F79EFBC}") = "Mocking.UnitTests", "Mocking.UnitTests\Mocking.UnitTests.csproj", "{53A713E6-7834-4E14-AE2A-96DD6116E632}"
EndProject
Project("{FAE04EC0-301F-11D3-BF4B-00C04F79EFBC}") = "Mocking.Domain", "Mocking.Infrastructure\Mocking.Domain.csproj", "{ECB335A4-8BA5-4120-B56C-CFCCD657B3B3}"
EndProject
Global
	GlobalSection(SolutionConfigurationPlatforms) = preSolution
		Debug|Any CPU = Debug|Any CPU
		Release|Any CPU = Release|Any CPU
	EndGlobalSection
	GlobalSection(ProjectConfigurationPlatforms) = postSolution
		{5555812D-06BC-4CF3-B181-7F08832679D7}.Debug|Any CPU.ActiveCfg = Debug|Any CPU
		{5555812D-06BC-4CF3-B181-7F08832679D7}.Debug|Any CPU.Build.0 = Debug|Any CPU
		{5555812D-06BC-4CF3-B181-7F08832679D7}.Release|Any CPU.ActiveCfg = Release|Any CPU
		{5555812D-06BC-4CF3-B181-7F08832679D7}.Release|Any CPU.Build.0 = Release|Any CPU
		{707ADA9E-167B-42C7-B7E7-20FD2C4B0036}.Debug|Any CPU.ActiveCfg = Debug|Any CPU
		{707ADA9E-167B-42C7-B7E7-20FD2C4B0036}.Debug|Any CPU.Build.0 = Debug|Any CPU
		{707ADA9E-167B-42C7-B7E7-20FD2C4B0036}.Release|Any CPU.ActiveCfg = Release|Any CPU
		{707ADA9E-167B-42C7-B7E7-20FD2C4B0036}.Release|Any CPU.Build.0 = Release|Any CPU
		{6292B118-2BDC-427B-BE22-A81B51A7B527}.Debug|Any CPU.ActiveCfg = Debug|Any CPU
		{6292B118-2BDC-427B-BE22-A81B51A7B527}.Debug|Any CPU.Build.0 = Debug|Any CPU
		{6292B118-2BDC-427B-BE22-A81B51A7B527}.Release|Any CPU.ActiveCfg = Release|Any CPU
		{6292B118-2BDC-427B-BE22-A81B51A7B527}.Release|Any CPU.Build.0 = Release|Any CPU
		{53A713E6-7834-4E14-AE2A-96DD6116E632}.Debug|Any CPU.ActiveCfg = Debug|Any CPU
		{53A713E6-7834-4E14-AE2A-96DD6116E632}.Debug|Any CPU.Build.0 = Debug|Any CPU
		{53A713E6-7834-4E14-AE2A-96DD6116E632}.Release|Any CPU.ActiveCfg = Release|Any CPU
		{53A713E6-7834-4E14-AE2A-96DD6116E632}.Release|Any CPU.Build.0 = Release|Any CPU
		{ECB335A4-8BA5-4120-B56C-CFCCD657B3B3}.Debug|Any CPU.ActiveCfg = Debug|Any CPU
		{ECB335A4-8BA5-4120-B56C-CFCCD657B3B3}.Debug|Any CPU.Build.0 = Debug|Any CPU
		{ECB335A4-8BA5-4120-B56C-CFCCD657B3B3}.Release|Any CPU.ActiveCfg = Release|Any CPU
		{ECB335A4-8BA5-4120-B56C-CFCCD657B3B3}.Release|Any CPU.Build.0 = Release|Any CPU
	EndGlobalSection
	GlobalSection(SolutionProperties) = preSolution
		HideSolutionNode = FALSE
	EndGlobalSection
	GlobalSection(NestedProjects) = preSolution
		{5555812D-06BC-4CF3-B181-7F08832679D7} = {CE03EEDF-BD33-4115-9B80-12EFBC2AA141}
		{707ADA9E-167B-42C7-B7E7-20FD2C4B0036} = {CE03EEDF-BD33-4115-9B80-12EFBC2AA141}
		{6292B118-2BDC-427B-BE22-A81B51A7B527} = {DC6174ED-C10A-4105-AFB3-EEDA8728C86A}
		{53A713E6-7834-4E14-AE2A-96DD6116E632} = {DC6174ED-C10A-4105-AFB3-EEDA8728C86A}
		{ECB335A4-8BA5-4120-B56C-CFCCD657B3B3} = {DC6174ED-C10A-4105-AFB3-EEDA8728C86A}
	EndGlobalSection
	GlobalSection(ExtensibilityGlobals) = postSolution
		SolutionGuid = {1D178185-CC16-47FE-8EE1-FF4B523BDE30}
	EndGlobalSection
EndGlobal
