
Microsoft Visual Studio Solution File, Format Version 12.00
# Visual Studio 15
VisualStudioVersion = 15.0.27703.2047
MinimumVisualStudioVersion = 10.0.40219.1
Project("{2150E333-8FDC-42A3-9474-1A3956D46DE8}") = "1. Invasion alien (TDD)", "1. Invasion alien (TDD)", "{CE03EEDF-BD33-4115-9B80-12EFBC2AA141}"
EndProject
Project("{2150E333-8FDC-42A3-9474-1A3956D46DE8}") = "2. Framework de mocking", "2. Framework de mocking", "{DC6174ED-C10A-4105-AFB3-EEDA8728C86A}"
EndProject
Project("{FAE04EC0-301F-11D3-BF4B-00C04F79EFBC}") = "AlienInvasion.Core", "AlienInvasion.Core\AlienInvasion.Core.csproj", "{5555812D-06BC-4CF3-B181-7F08832679D7}"
EndProject
Project("{FAE04EC0-301F-11D3-BF4B-00C04F79EFBC}") = "AlienInvasion.UnitTests", "AlienInvasion.UnitTests\AlienInvasion.UnitTests.csproj", "{707ADA9E-167B-42C7-B7E7-20FD2C4B0036}"
EndProject
Project("{FAE04EC0-301F-11D3-BF4B-00C04F79EFBC}") = "Mocking.Domain", "Mocking.Domain\Mocking.Domain.csproj", "{C38FA70B-7D4D-42AE-9A11-267B62BA1C1F}"
EndProject
Project("{FAE04EC0-301F-11D3-BF4B-00C04F79EFBC}") = "Mocking.Infrastructure", "Mocking.Infrastructure\Mocking.Infrastructure.csproj", "{CF27894C-F36C-4BBA-AE1E-08B2F88D26F2}"
EndProject
Project("{FAE04EC0-301F-11D3-BF4B-00C04F79EFBC}") = "Mocking.Api", "Mocking.Api\Mocking.Api.csproj", "{E4259368-F4C5-4EB5-8B28-2E8EA53D6A5F}"
EndProject
Global
	GlobalSection(SolutionConfigurationPlatforms) = preSolution
		Debug|Any CPU = Debug|Any CPU
		Release|Any CPU = Release|Any CPU
	EndGlobalSection
	GlobalSection(ProjectConfigurationPlatforms) = postSolution
		{5555812D-06BC-4CF3-B181-7F08832679D7}.Debug|Any CPU.ActiveCfg = Debug|Any CPU
		{5555812D-06BC-4CF3-B181-7F08832679D7}.Debug|Any CPU.Build.0 = Debug|Any CPU
		{5555812D-06BC-4CF3-B181-7F08832679D7}.Release|Any CPU.ActiveCfg = Release|Any CPU
		{5555812D-06BC-4CF3-B181-7F08832679D7}.Release|Any CPU.Build.0 = Release|Any CPU
		{707ADA9E-167B-42C7-B7E7-20FD2C4B0036}.Debug|Any CPU.ActiveCfg = Debug|Any CPU
		{707ADA9E-167B-42C7-B7E7-20FD2C4B0036}.Debug|Any CPU.Build.0 = Debug|Any CPU
		{707ADA9E-167B-42C7-B7E7-20FD2C4B0036}.Release|Any CPU.ActiveCfg = Release|Any CPU
		{707ADA9E-167B-42C7-B7E7-20FD2C4B0036}.Release|Any CPU.Build.0 = Release|Any CPU
		{C38FA70B-7D4D-42AE-9A11-267B62BA1C1F}.Debug|Any CPU.ActiveCfg = Debug|Any CPU
		{C38FA70B-7D4D-42AE-9A11-267B62BA1C1F}.Debug|Any CPU.Build.0 = Debug|Any CPU
		{C38FA70B-7D4D-42AE-9A11-267B62BA1C1F}.Release|Any CPU.ActiveCfg = Release|Any CPU
		{C38FA70B-7D4D-42AE-9A11-267B62BA1C1F}.Release|Any CPU.Build.0 = Release|Any CPU
		{CF27894C-F36C-4BBA-AE1E-08B2F88D26F2}.Debug|Any CPU.ActiveCfg = Debug|Any CPU
		{CF27894C-F36C-4BBA-AE1E-08B2F88D26F2}.Debug|Any CPU.Build.0 = Debug|Any CPU
		{CF27894C-F36C-4BBA-AE1E-08B2F88D26F2}.Release|Any CPU.ActiveCfg = Release|Any CPU
		{CF27894C-F36C-4BBA-AE1E-08B2F88D26F2}.Release|Any CPU.Build.0 = Release|Any CPU
		{E4259368-F4C5-4EB5-8B28-2E8EA53D6A5F}.Debug|Any CPU.ActiveCfg = Debug|Any CPU
		{E4259368-F4C5-4EB5-8B28-2E8EA53D6A5F}.Debug|Any CPU.Build.0 = Debug|Any CPU
		{E4259368-F4C5-4EB5-8B28-2E8EA53D6A5F}.Release|Any CPU.ActiveCfg = Release|Any CPU
		{E4259368-F4C5-4EB5-8B28-2E8EA53D6A5F}.Release|Any CPU.Build.0 = Release|Any CPU
	EndGlobalSection
	GlobalSection(SolutionProperties) = preSolution
		HideSolutionNode = FALSE
	EndGlobalSection
	GlobalSection(NestedProjects) = preSolution
		{5555812D-06BC-4CF3-B181-7F08832679D7} = {CE03EEDF-BD33-4115-9B80-12EFBC2AA141}
		{707ADA9E-167B-42C7-B7E7-20FD2C4B0036} = {CE03EEDF-BD33-4115-9B80-12EFBC2AA141}
		{C38FA70B-7D4D-42AE-9A11-267B62BA1C1F} = {DC6174ED-C10A-4105-AFB3-EEDA8728C86A}
		{CF27894C-F36C-4BBA-AE1E-08B2F88D26F2} = {DC6174ED-C10A-4105-AFB3-EEDA8728C86A}
		{E4259368-F4C5-4EB5-8B28-2E8EA53D6A5F} = {DC6174ED-C10A-4105-AFB3-EEDA8728C86A}
	EndGlobalSection
	GlobalSection(ExtensibilityGlobals) = postSolution
		SolutionGuid = {1D178185-CC16-47FE-8EE1-FF4B523BDE30}
	EndGlobalSection
EndGlobal
